
Microsoft Visual Studio Solution File, Format Version 12.00
# Visual Studio Version 16
VisualStudioVersion = 16.0.32228.343
MinimumVisualStudioVersion = 10.0.40219.1
Project("{FAE04EC0-301F-11D3-BF4B-00C04F79EFBC}") = "OilGas", "OilGas.csproj", "{4A4A5445-B4C0-4B6A-87ED-C8FE5A6E6D01}"
EndProject
Global
	GlobalSection(SolutionConfigurationPlatforms) = preSolution
		Debug|Any CPU = Debug|Any CPU
		Release|Any CPU = Release|Any CPU
	EndGlobalSection
	GlobalSection(ProjectConfigurationPlatforms) = postSolution
		{4A4A5445-B4C0-4B6A-87ED-C8FE5A6E6D01}.Debug|Any CPU.ActiveCfg = Debug|Any CPU
		{4A4A5445-B4C0-4B6A-87ED-C8FE5A6E6D01}.Debug|Any CPU.Build.0 = Debug|Any CPU
		{4A4A5445-B4C0-4B6A-87ED-C8FE5A6E6D01}.Release|Any CPU.ActiveCfg = Release|Any CPU
		{4A4A5445-B4C0-4B6A-87ED-C8FE5A6E6D01}.Release|Any CPU.Build.0 = Release|Any CPU
	EndGlobalSection
	GlobalSection(SolutionProperties) = preSolution
		HideSolutionNode = FALSE
	EndGlobalSection
	GlobalSection(ExtensibilityGlobals) = postSolution
		SolutionGuid = {027C6C7F-F72D-4960-A50C-F2D1C7471453}
	EndGlobalSection
EndGlobal
